lockfileVersion: '9.0'

settings:
  autoInstallPeers: true
  excludeLinksFromLockfile: false

importers:

  .:
    dependencies:
      fast-html-parser:
        specifier: ^1.0.1
        version: 1.0.1
      jiti:
        specifier: ^2.0.0-beta.3
        version: 2.0.0-beta.3
    devDependencies:
      '@types/fast-html-parser':
        specifier: ^1.0.2
        version: 1.0.2
      '@types/node':
        specifier: ^22.0.2
        version: 22.0.2
      typescript:
        specifier: ^5.5.4
        version: 5.5.4

packages:

  '@types/fast-html-parser@1.0.2':
    resolution: {integrity: sha512-xRnXJUtccAkrGJDyaHUo9ioKwHrT3OMANfg25U2MGkHvXiSMwpZXX/JLbU5KTtZLzpW/NcNIXHISaAcTLQ1jxg==}

  '@types/node@22.0.2':
    resolution: {integrity: sha512-yPL6DyFwY5PiMVEwymNeqUTKsDczQBJ/5T7W/46RwLU/VH+AA8aT5TZkvBviLKLbbm0hlfftEkGrNzfRk/fofQ==}

  apollojs@1.3.0:
    resolution: {integrity: sha512-JdOcRdRu7nTQDgcG0JbVbTAgIkBcg19GnibUBinf2+eSdjfShZeuX7xPf9D9ndM2FUYTvw+Mb+m8glgbHHddag==}
    engines: {node: '>=0.8'}

  entities@1.1.2:
    resolution: {integrity: sha512-f2LZMYl1Fzu7YSBKg+RoROelpOaNrcGmE9AZubeDfrCEia483oW4MI4VyFd5VNHIgQ/7qm1I0wUHK1eJnn2y2w==}

  fast-html-parser@1.0.1:
    resolution: {integrity: sha512-WuWslmykklkoqIWqHxjkzI2s+jQPlOcS1J9rlwEPhyUwmbwZzaJHySkDTTShOKbislVgPvjfrcDz/sZpkrPlZQ==}

  jiti@2.0.0-beta.3:
    resolution: {integrity: sha512-pmfRbVRs/7khFrSAYnSiJ8C0D5GvzkE4Ey2pAvUcJsw1ly/p+7ut27jbJrjY79BpAJQJ4gXYFtK6d1Aub+9baQ==}
    hasBin: true

  typescript@5.5.4:
    resolution: {integrity: sha512-Mtq29sKDAEYP7aljRgtPOpTvOfbwRWlS6dPRzwjdE+C0R4brX/GUyhHSecbHMFLNBLcJIPt9nl9yG5TZ1weH+Q==}
    engines: {node: '>=14.17'}
    hasBin: true

  undici-types@6.11.1:
    resolution: {integrity: sha512-mIDEX2ek50x0OlRgxryxsenE5XaQD4on5U2inY7RApK3SOJpofyw7uW2AyfMKkhAxXIceo2DeWGVGwyvng1GNQ==}

snapshots:

  '@types/fast-html-parser@1.0.2': {}

  '@types/node@22.0.2':
    dependencies:
      undici-types: 6.11.1

  apollojs@1.3.0: {}

  entities@1.1.2: {}

  fast-html-parser@1.0.1:
    dependencies:
      apollojs: 1.3.0
      entities: 1.1.2

  jiti@2.0.0-beta.3: {}

  typescript@5.5.4: {}

  undici-types@6.11.1: {}
